// !$*UTF8*$!
{
	archiveVersion = 1;
	classes = {
	};
	objectVersion = 56;
	objects = {

/* Begin PBXBuildFile section */
		15AB85292B042499006B3CCF /* SettingsPresenter.swift in Sources */ = {isa = PBXBuildFile; fileRef = 15AB85282B042499006B3CCF /* SettingsPresenter.swift */; };
		15AB852B2B0530C9006B3CCF /* ColorChecker.swift in Sources */ = {isa = PBXBuildFile; fileRef = 15AB852A2B0530C9006B3CCF /* ColorChecker.swift */; };
		15AB852E2B053285006B3CCF /* ColorCheckerBrain.swift in Sources */ = {isa = PBXBuildFile; fileRef = 15AB852D2B053285006B3CCF /* ColorCheckerBrain.swift */; };
		15F3BE7E2B02E70500E74E7A /* SettingsViewController.swift in Sources */ = {isa = PBXBuildFile; fileRef = 15F3BE7D2B02E70500E74E7A /* SettingsViewController.swift */; };
		15F3BE842B02F07200E74E7A /* SettingsViewService.swift in Sources */ = {isa = PBXBuildFile; fileRef = 15F3BE832B02F07200E74E7A /* SettingsViewService.swift */; };
		44A57C472B02539000C8E383 /* InputViewCustom.swift in Sources */ = {isa = PBXBuildFile; fileRef = 44A57C462B02539000C8E383 /* InputViewCustom.swift */; };
		44A57C4B2B0253ED00C8E383 /* Extension + UIColor.swift in Sources */ = {isa = PBXBuildFile; fileRef = 44A57C4A2B0253ED00C8E383 /* Extension + UIColor.swift */; };
		44A57C4D2B02542200C8E383 /* RulesViewController.swift in Sources */ = {isa = PBXBuildFile; fileRef = 44A57C4C2B02542200C8E383 /* RulesViewController.swift */; };
		44A57C4F2B0254D900C8E383 /* Extension + UIView.swift in Sources */ = {isa = PBXBuildFile; fileRef = 44A57C4E2B0254D900C8E383 /* Extension + UIView.swift */; };
		44A57C512B0261AD00C8E383 /* Extension + UIFont.swift in Sources */ = {isa = PBXBuildFile; fileRef = 44A57C502B0261AD00C8E383 /* Extension + UIFont.swift */; };
		44A57C5C2B02641900C8E383 /* SF-Pro-Display-Black.otf in Resources */ = {isa = PBXBuildFile; fileRef = 44A57C532B02641800C8E383 /* SF-Pro-Display-Black.otf */; };
		44A57C5D2B02641900C8E383 /* SF-Pro-Text-Semibold.otf in Resources */ = {isa = PBXBuildFile; fileRef = 44A57C542B02641800C8E383 /* SF-Pro-Text-Semibold.otf */; };
		44A57C5E2B02641900C8E383 /* SF-Pro-Display-Regular.otf in Resources */ = {isa = PBXBuildFile; fileRef = 44A57C552B02641800C8E383 /* SF-Pro-Display-Regular.otf */; };
		44A57C5F2B02641900C8E383 /* SF-Pro-Display-Medium.otf in Resources */ = {isa = PBXBuildFile; fileRef = 44A57C562B02641800C8E383 /* SF-Pro-Display-Medium.otf */; };
		44A57C602B02641900C8E383 /* SF-Pro-Display-Semibold.otf in Resources */ = {isa = PBXBuildFile; fileRef = 44A57C572B02641800C8E383 /* SF-Pro-Display-Semibold.otf */; };
		44A57C612B02641900C8E383 /* SF-Pro-Text-Regular.otf in Resources */ = {isa = PBXBuildFile; fileRef = 44A57C582B02641800C8E383 /* SF-Pro-Text-Regular.otf */; };
		44A57C622B02641900C8E383 /* SF-Compact-Display-Heavy.otf in Resources */ = {isa = PBXBuildFile; fileRef = 44A57C592B02641900C8E383 /* SF-Compact-Display-Heavy.otf */; };
		44A57C632B02641900C8E383 /* SF-Pro-Display-Bold.otf in Resources */ = {isa = PBXBuildFile; fileRef = 44A57C5A2B02641900C8E383 /* SF-Pro-Display-Bold.otf */; };
		44A57C642B02641900C8E383 /* SF-Pro-Text-Medium.otf in Resources */ = {isa = PBXBuildFile; fileRef = 44A57C5B2B02641900C8E383 /* SF-Pro-Text-Medium.otf */; };
		44A57C662B0269B700C8E383 /* CormorantInfant-Italic.otf in Resources */ = {isa = PBXBuildFile; fileRef = 44A57C652B0269B700C8E383 /* CormorantInfant-Italic.otf */; };
		4AD1313C2B029E11007DA3B7 /* SnapKit in Frameworks */ = {isa = PBXBuildFile; productRef = 4AD1313B2B029E11007DA3B7 /* SnapKit */; };
		4AD1313F2B02A3A0007DA3B7 /* Extension + UILabel.swift in Sources */ = {isa = PBXBuildFile; fileRef = 4AD1313E2B02A3A0007DA3B7 /* Extension + UILabel.swift */; };
		4AD131412B02A664007DA3B7 /* Extension + UIStackView.swift in Sources */ = {isa = PBXBuildFile; fileRef = 4AD131402B02A664007DA3B7 /* Extension + UIStackView.swift */; };
		4AD131432B02A7A9007DA3B7 /* Extension + UIButton.swift in Sources */ = {isa = PBXBuildFile; fileRef = 4AD131422B02A7A9007DA3B7 /* Extension + UIButton.swift */; };
		4AD131462B02B3CF007DA3B7 /* Extension + CustomButton.swift in Sources */ = {isa = PBXBuildFile; fileRef = 4AD131452B02B3CF007DA3B7 /* Extension + CustomButton.swift */; };
		4AD131482B02B967007DA3B7 /* Assets.xcassets in Resources */ = {isa = PBXBuildFile; fileRef = 4AD131472B02B967007DA3B7 /* Assets.xcassets */; };
		4AD1314E2B03D982007DA3B7 /* GameModel.swift in Sources */ = {isa = PBXBuildFile; fileRef = 4AD1314D2B03D982007DA3B7 /* GameModel.swift */; };
		4AD131502B03D99F007DA3B7 /* GameViewController.swift in Sources */ = {isa = PBXBuildFile; fileRef = 4AD1314F2B03D99F007DA3B7 /* GameViewController.swift */; };
		4AD131522B03D9D7007DA3B7 /* GamePresenter.swift in Sources */ = {isa = PBXBuildFile; fileRef = 4AD131512B03D9D7007DA3B7 /* GamePresenter.swift */; };
		4AD131572B051DAE007DA3B7 /* MainRouter.swift in Sources */ = {isa = PBXBuildFile; fileRef = 4AD131562B051DAE007DA3B7 /* MainRouter.swift */; };
		4AD131592B051DBE007DA3B7 /* MainPresenter.swift in Sources */ = {isa = PBXBuildFile; fileRef = 4AD131582B051DBE007DA3B7 /* MainPresenter.swift */; };
		4AD1315B2B051DCD007DA3B7 /* MainBuilder.swift in Sources */ = {isa = PBXBuildFile; fileRef = 4AD1315A2B051DCD007DA3B7 /* MainBuilder.swift */; };
		4AD1316F2B0566E4007DA3B7 /* ResultsRouter.swift in Sources */ = {isa = PBXBuildFile; fileRef = 4AD131652B0566E3007DA3B7 /* ResultsRouter.swift */; };
		4AD131702B0566E4007DA3B7 /* ResultsPresenter.swift in Sources */ = {isa = PBXBuildFile; fileRef = 4AD131672B0566E3007DA3B7 /* ResultsPresenter.swift */; };
		4AD131712B0566E4007DA3B7 /* ResultsBuilder.swift in Sources */ = {isa = PBXBuildFile; fileRef = 4AD131692B0566E3007DA3B7 /* ResultsBuilder.swift */; };
		4AD131722B0566E4007DA3B7 /* ResultTableViewCell.swift in Sources */ = {isa = PBXBuildFile; fileRef = 4AD1316C2B0566E3007DA3B7 /* ResultTableViewCell.swift */; };
		4AD131732B0566E4007DA3B7 /* ResultsViewProtocol.swift in Sources */ = {isa = PBXBuildFile; fileRef = 4AD1316D2B0566E3007DA3B7 /* ResultsViewProtocol.swift */; };
		4AD131742B0566E4007DA3B7 /* ResultsTableViewController.swift in Sources */ = {isa = PBXBuildFile; fileRef = 4AD1316E2B0566E3007DA3B7 /* ResultsTableViewController.swift */; };
		4AD131772B056781007DA3B7 /* LabelFactory.swift in Sources */ = {isa = PBXBuildFile; fileRef = 4AD131752B056781007DA3B7 /* LabelFactory.swift */; };
		4AD131782B056781007DA3B7 /* ViewFactory.swift in Sources */ = {isa = PBXBuildFile; fileRef = 4AD131762B056781007DA3B7 /* ViewFactory.swift */; };
		A5B7974B2B02402300B20742 /* CustomView.swift in Sources */ = {isa = PBXBuildFile; fileRef = A5B7973A2B02402300B20742 /* CustomView.swift */; };
		A5B7974C2B02402300B20742 /* CustomViewController.swift in Sources */ = {isa = PBXBuildFile; fileRef = A5B7973B2B02402300B20742 /* CustomViewController.swift */; };
		A5B7974D2B02402300B20742 /* MainViewController.swift in Sources */ = {isa = PBXBuildFile; fileRef = A5B797402B02402300B20742 /* MainViewController.swift */; };
		A5B7974E2B02402300B20742 /* MainView.swift in Sources */ = {isa = PBXBuildFile; fileRef = A5B797422B02402300B20742 /* MainView.swift */; };
		A5B7974F2B02402300B20742 /* LaunchScreen.storyboard in Resources */ = {isa = PBXBuildFile; fileRef = A5B797432B02402300B20742 /* LaunchScreen.storyboard */; };
		A5B797502B02402300B20742 /* AppDelegate.swift in Sources */ = {isa = PBXBuildFile; fileRef = A5B797462B02402300B20742 /* AppDelegate.swift */; };
		A5B797512B02402300B20742 /* SceneDelegate.swift in Sources */ = {isa = PBXBuildFile; fileRef = A5B797472B02402300B20742 /* SceneDelegate.swift */; };
		A5B7975B2B0249E300B20742 /* IQKeyboardManagerSwift in Frameworks */ = {isa = PBXBuildFile; productRef = A5B7975A2B0249E300B20742 /* IQKeyboardManagerSwift */; };
		E1C097B42B065EDE0097C8C1 /* CustomNavigationController.swift in Sources */ = {isa = PBXBuildFile; fileRef = E1C097B32B065EDE0097C8C1 /* CustomNavigationController.swift */; };
/* End PBXBuildFile section */

/* Begin PBXFileReference section */
		15AB85282B042499006B3CCF /* SettingsPresenter.swift */ = {isa = PBXFileReference; lastKnownFileType = sourcecode.swift; path = SettingsPresenter.swift; sourceTree = "<group>"; };
		15AB852A2B0530C9006B3CCF /* ColorChecker.swift */ = {isa = PBXFileReference; lastKnownFileType = sourcecode.swift; path = ColorChecker.swift; sourceTree = "<group>"; };
		15AB852D2B053285006B3CCF /* ColorCheckerBrain.swift */ = {isa = PBXFileReference; lastKnownFileType = sourcecode.swift; path = ColorCheckerBrain.swift; sourceTree = "<group>"; };
		15F3BE7D2B02E70500E74E7A /* SettingsViewController.swift */ = {isa = PBXFileReference; lastKnownFileType = sourcecode.swift; path = SettingsViewController.swift; sourceTree = "<group>"; };
		15F3BE832B02F07200E74E7A /* SettingsViewService.swift */ = {isa = PBXFileReference; lastKnownFileType = sourcecode.swift; path = SettingsViewService.swift; sourceTree = "<group>"; };
		44A57C462B02539000C8E383 /* InputViewCustom.swift */ = {isa = PBXFileReference; fileEncoding = 4; lastKnownFileType = sourcecode.swift; path = InputViewCustom.swift; sourceTree = "<group>"; };
		44A57C4A2B0253ED00C8E383 /* Extension + UIColor.swift */ = {isa = PBXFileReference; fileEncoding = 4; lastKnownFileType = sourcecode.swift; path = "Extension + UIColor.swift"; sourceTree = "<group>"; };
		44A57C4C2B02542200C8E383 /* RulesViewController.swift */ = {isa = PBXFileReference; fileEncoding = 4; lastKnownFileType = sourcecode.swift; path = RulesViewController.swift; sourceTree = "<group>"; };
		44A57C4E2B0254D900C8E383 /* Extension + UIView.swift */ = {isa = PBXFileReference; lastKnownFileType = sourcecode.swift; path = "Extension + UIView.swift"; sourceTree = "<group>"; };
		44A57C502B0261AD00C8E383 /* Extension + UIFont.swift */ = {isa = PBXFileReference; lastKnownFileType = sourcecode.swift; path = "Extension + UIFont.swift"; sourceTree = "<group>"; };
		44A57C532B02641800C8E383 /* SF-Pro-Display-Black.otf */ = {isa = PBXFileReference; lastKnownFileType = file; path = "SF-Pro-Display-Black.otf"; sourceTree = "<group>"; };
		44A57C542B02641800C8E383 /* SF-Pro-Text-Semibold.otf */ = {isa = PBXFileReference; lastKnownFileType = file; path = "SF-Pro-Text-Semibold.otf"; sourceTree = "<group>"; };
		44A57C552B02641800C8E383 /* SF-Pro-Display-Regular.otf */ = {isa = PBXFileReference; lastKnownFileType = file; path = "SF-Pro-Display-Regular.otf"; sourceTree = "<group>"; };
		44A57C562B02641800C8E383 /* SF-Pro-Display-Medium.otf */ = {isa = PBXFileReference; lastKnownFileType = file; path = "SF-Pro-Display-Medium.otf"; sourceTree = "<group>"; };
		44A57C572B02641800C8E383 /* SF-Pro-Display-Semibold.otf */ = {isa = PBXFileReference; lastKnownFileType = file; path = "SF-Pro-Display-Semibold.otf"; sourceTree = "<group>"; };
		44A57C582B02641800C8E383 /* SF-Pro-Text-Regular.otf */ = {isa = PBXFileReference; lastKnownFileType = file; path = "SF-Pro-Text-Regular.otf"; sourceTree = "<group>"; };
		44A57C592B02641900C8E383 /* SF-Compact-Display-Heavy.otf */ = {isa = PBXFileReference; lastKnownFileType = file; path = "SF-Compact-Display-Heavy.otf"; sourceTree = "<group>"; };
		44A57C5A2B02641900C8E383 /* SF-Pro-Display-Bold.otf */ = {isa = PBXFileReference; lastKnownFileType = file; path = "SF-Pro-Display-Bold.otf"; sourceTree = "<group>"; };
		44A57C5B2B02641900C8E383 /* SF-Pro-Text-Medium.otf */ = {isa = PBXFileReference; lastKnownFileType = file; path = "SF-Pro-Text-Medium.otf"; sourceTree = "<group>"; };
		44A57C652B0269B700C8E383 /* CormorantInfant-Italic.otf */ = {isa = PBXFileReference; lastKnownFileType = file; path = "CormorantInfant-Italic.otf"; sourceTree = "<group>"; };
		4AD1313E2B02A3A0007DA3B7 /* Extension + UILabel.swift */ = {isa = PBXFileReference; lastKnownFileType = sourcecode.swift; path = "Extension + UILabel.swift"; sourceTree = "<group>"; };
		4AD131402B02A664007DA3B7 /* Extension + UIStackView.swift */ = {isa = PBXFileReference; lastKnownFileType = sourcecode.swift; path = "Extension + UIStackView.swift"; sourceTree = "<group>"; };
		4AD131422B02A7A9007DA3B7 /* Extension + UIButton.swift */ = {isa = PBXFileReference; lastKnownFileType = sourcecode.swift; path = "Extension + UIButton.swift"; sourceTree = "<group>"; };
		4AD131452B02B3CF007DA3B7 /* Extension + CustomButton.swift */ = {isa = PBXFileReference; lastKnownFileType = sourcecode.swift; path = "Extension + CustomButton.swift"; sourceTree = "<group>"; };
		4AD131472B02B967007DA3B7 /* Assets.xcassets */ = {isa = PBXFileReference; lastKnownFileType = folder.assetcatalog; path = Assets.xcassets; sourceTree = "<group>"; };
		4AD1314D2B03D982007DA3B7 /* GameModel.swift */ = {isa = PBXFileReference; lastKnownFileType = sourcecode.swift; path = GameModel.swift; sourceTree = "<group>"; };
		4AD1314F2B03D99F007DA3B7 /* GameViewController.swift */ = {isa = PBXFileReference; lastKnownFileType = sourcecode.swift; path = GameViewController.swift; sourceTree = "<group>"; };
		4AD131512B03D9D7007DA3B7 /* GamePresenter.swift */ = {isa = PBXFileReference; lastKnownFileType = sourcecode.swift; path = GamePresenter.swift; sourceTree = "<group>"; };
		4AD131562B051DAE007DA3B7 /* MainRouter.swift */ = {isa = PBXFileReference; lastKnownFileType = sourcecode.swift; path = MainRouter.swift; sourceTree = "<group>"; };
		4AD131582B051DBE007DA3B7 /* MainPresenter.swift */ = {isa = PBXFileReference; lastKnownFileType = sourcecode.swift; path = MainPresenter.swift; sourceTree = "<group>"; };
		4AD1315A2B051DCD007DA3B7 /* MainBuilder.swift */ = {isa = PBXFileReference; lastKnownFileType = sourcecode.swift; path = MainBuilder.swift; sourceTree = "<group>"; };
		4AD131652B0566E3007DA3B7 /* ResultsRouter.swift */ = {isa = PBXFileReference; fileEncoding = 4; lastKnownFileType = sourcecode.swift; path = ResultsRouter.swift; sourceTree = "<group>"; };
		4AD131672B0566E3007DA3B7 /* ResultsPresenter.swift */ = {isa = PBXFileReference; fileEncoding = 4; lastKnownFileType = sourcecode.swift; path = ResultsPresenter.swift; sourceTree = "<group>"; };
		4AD131692B0566E3007DA3B7 /* ResultsBuilder.swift */ = {isa = PBXFileReference; fileEncoding = 4; lastKnownFileType = sourcecode.swift; path = ResultsBuilder.swift; sourceTree = "<group>"; };
		4AD1316C2B0566E3007DA3B7 /* ResultTableViewCell.swift */ = {isa = PBXFileReference; fileEncoding = 4; lastKnownFileType = sourcecode.swift; path = ResultTableViewCell.swift; sourceTree = "<group>"; };
		4AD1316D2B0566E3007DA3B7 /* ResultsViewProtocol.swift */ = {isa = PBXFileReference; fileEncoding = 4; lastKnownFileType = sourcecode.swift; path = ResultsViewProtocol.swift; sourceTree = "<group>"; };
		4AD1316E2B0566E3007DA3B7 /* ResultsTableViewController.swift */ = {isa = PBXFileReference; fileEncoding = 4; lastKnownFileType = sourcecode.swift; path = ResultsTableViewController.swift; sourceTree = "<group>"; };
		4AD131752B056781007DA3B7 /* LabelFactory.swift */ = {isa = PBXFileReference; fileEncoding = 4; lastKnownFileType = sourcecode.swift; path = LabelFactory.swift; sourceTree = "<group>"; };
		4AD131762B056781007DA3B7 /* ViewFactory.swift */ = {isa = PBXFileReference; fileEncoding = 4; lastKnownFileType = sourcecode.swift; path = ViewFactory.swift; sourceTree = "<group>"; };
		A5B7970A2B010E3100B20742 /* Rainbow.app */ = {isa = PBXFileReference; explicitFileType = wrapper.application; includeInIndex = 0; path = Rainbow.app; sourceTree = BUILT_PRODUCTS_DIR; };
		A5B7973A2B02402300B20742 /* CustomView.swift */ = {isa = PBXFileReference; fileEncoding = 4; lastKnownFileType = sourcecode.swift; path = CustomView.swift; sourceTree = "<group>"; };
		A5B7973B2B02402300B20742 /* CustomViewController.swift */ = {isa = PBXFileReference; fileEncoding = 4; lastKnownFileType = sourcecode.swift; path = CustomViewController.swift; sourceTree = "<group>"; };
		A5B797402B02402300B20742 /* MainViewController.swift */ = {isa = PBXFileReference; fileEncoding = 4; lastKnownFileType = sourcecode.swift; path = MainViewController.swift; sourceTree = "<group>"; };
		A5B797422B02402300B20742 /* MainView.swift */ = {isa = PBXFileReference; fileEncoding = 4; lastKnownFileType = sourcecode.swift; path = MainView.swift; sourceTree = "<group>"; };
		A5B797442B02402300B20742 /* Base */ = {isa = PBXFileReference; lastKnownFileType = file.storyboard; name = Base; path = Base.lproj/LaunchScreen.storyboard; sourceTree = "<group>"; };
		A5B797462B02402300B20742 /* AppDelegate.swift */ = {isa = PBXFileReference; fileEncoding = 4; lastKnownFileType = sourcecode.swift; path = AppDelegate.swift; sourceTree = "<group>"; };
		A5B797472B02402300B20742 /* SceneDelegate.swift */ = {isa = PBXFileReference; fileEncoding = 4; lastKnownFileType = sourcecode.swift; path = SceneDelegate.swift; sourceTree = "<group>"; };
		A5B7974A2B02402300B20742 /* Info.plist */ = {isa = PBXFileReference; fileEncoding = 4; lastKnownFileType = text.plist.xml; path = Info.plist; sourceTree = "<group>"; };
		E1C097B32B065EDE0097C8C1 /* CustomNavigationController.swift */ = {isa = PBXFileReference; lastKnownFileType = sourcecode.swift; path = CustomNavigationController.swift; sourceTree = "<group>"; };
/* End PBXFileReference section */

/* Begin PBXFrameworksBuildPhase section */
		A5B797072B010E3100B20742 /* Frameworks */ = {
			isa = PBXFrameworksBuildPhase;
			buildActionMask = 2147483647;
			files = (
				A5B7975B2B0249E300B20742 /* IQKeyboardManagerSwift in Frameworks */,
				4AD1313C2B029E11007DA3B7 /* SnapKit in Frameworks */,
			);
			runOnlyForDeploymentPostprocessing = 0;
		};
/* End PBXFrameworksBuildPhase section */

/* Begin PBXGroup section */
		15AB852C2B0530D2006B3CCF /* Model */ = {
			isa = PBXGroup;
			children = (
				15AB852A2B0530C9006B3CCF /* ColorChecker.swift */,
				15AB852D2B053285006B3CCF /* ColorCheckerBrain.swift */,
			);
			path = Model;
			sourceTree = "<group>";
		};
		15F3BE762B02E23E00E74E7A /* SettingsModule */ = {
			isa = PBXGroup;
			children = (
				15F3BE782B02E26000E74E7A /* Builder */,
				15F3BE7A2B02E27A00E74E7A /* Presenter */,
				15F3BE772B02E25500E74E7A /* Router */,
				15F3BE792B02E26700E74E7A /* Views */,
			);
			path = SettingsModule;
			sourceTree = "<group>";
		};
		15F3BE772B02E25500E74E7A /* Router */ = {
			isa = PBXGroup;
			children = (
			);
			path = Router;
			sourceTree = "<group>";
		};
		15F3BE782B02E26000E74E7A /* Builder */ = {
			isa = PBXGroup;
			children = (
			);
			path = Builder;
			sourceTree = "<group>";
		};
		15F3BE792B02E26700E74E7A /* Views */ = {
			isa = PBXGroup;
			children = (
				15F3BE7D2B02E70500E74E7A /* SettingsViewController.swift */,
				15F3BE832B02F07200E74E7A /* SettingsViewService.swift */,
				15AB852C2B0530D2006B3CCF /* Model */,
			);
			path = Views;
			sourceTree = "<group>";
		};
		15F3BE7A2B02E27A00E74E7A /* Presenter */ = {
			isa = PBXGroup;
			children = (
				15AB85282B042499006B3CCF /* SettingsPresenter.swift */,
			);
			path = Presenter;
			sourceTree = "<group>";
		};
		44A57C422B0251B700C8E383 /* RulesViewController */ = {
			isa = PBXGroup;
			children = (
				44A57C432B0252F900C8E383 /* Model */,
				44A57C442B02532400C8E383 /* View */,
				44A57C452B02532A00C8E383 /* Presenter */,
				44A57C482B02539400C8E383 /* Components */,
			);
			path = RulesViewController;
			sourceTree = "<group>";
		};
		44A57C432B0252F900C8E383 /* Model */ = {
			isa = PBXGroup;
			children = (
			);
			path = Model;
			sourceTree = "<group>";
		};
		44A57C442B02532400C8E383 /* View */ = {
			isa = PBXGroup;
			children = (
				44A57C4C2B02542200C8E383 /* RulesViewController.swift */,
			);
			path = View;
			sourceTree = "<group>";
		};
		44A57C452B02532A00C8E383 /* Presenter */ = {
			isa = PBXGroup;
			children = (
			);
			path = Presenter;
			sourceTree = "<group>";
		};
		44A57C482B02539400C8E383 /* Components */ = {
			isa = PBXGroup;
			children = (
				44A57C462B02539000C8E383 /* InputViewCustom.swift */,
			);
			path = Components;
			sourceTree = "<group>";
		};
		44A57C492B0253ED00C8E383 /* Extensions */ = {
			isa = PBXGroup;
			children = (
				4AD131752B056781007DA3B7 /* LabelFactory.swift */,
				4AD131762B056781007DA3B7 /* ViewFactory.swift */,
				44A57C502B0261AD00C8E383 /* Extension + UIFont.swift */,
				44A57C4A2B0253ED00C8E383 /* Extension + UIColor.swift */,
				44A57C4E2B0254D900C8E383 /* Extension + UIView.swift */,
				E1C097B32B065EDE0097C8C1 /* CustomNavigationController.swift */,
			);
			path = Extensions;
			sourceTree = "<group>";
		};
		44A57C522B0263F200C8E383 /* Fonts */ = {
			isa = PBXGroup;
			children = (
				44A57C652B0269B700C8E383 /* CormorantInfant-Italic.otf */,
				44A57C592B02641900C8E383 /* SF-Compact-Display-Heavy.otf */,
				44A57C532B02641800C8E383 /* SF-Pro-Display-Black.otf */,
				44A57C5A2B02641900C8E383 /* SF-Pro-Display-Bold.otf */,
				44A57C562B02641800C8E383 /* SF-Pro-Display-Medium.otf */,
				44A57C552B02641800C8E383 /* SF-Pro-Display-Regular.otf */,
				44A57C572B02641800C8E383 /* SF-Pro-Display-Semibold.otf */,
				44A57C5B2B02641900C8E383 /* SF-Pro-Text-Medium.otf */,
				44A57C582B02641800C8E383 /* SF-Pro-Text-Regular.otf */,
				44A57C542B02641800C8E383 /* SF-Pro-Text-Semibold.otf */,
			);
			path = Fonts;
			sourceTree = "<group>";
		};
		4AD1313A2B029E11007DA3B7 /* Frameworks */ = {
			isa = PBXGroup;
			children = (
			);
			name = Frameworks;
			sourceTree = "<group>";
		};
		4AD1313D2B02A30C007DA3B7 /* Extension */ = {
			isa = PBXGroup;
			children = (
				4AD1313E2B02A3A0007DA3B7 /* Extension + UILabel.swift */,
				4AD131402B02A664007DA3B7 /* Extension + UIStackView.swift */,
				4AD131422B02A7A9007DA3B7 /* Extension + UIButton.swift */,
				4AD131452B02B3CF007DA3B7 /* Extension + CustomButton.swift */,
			);
			path = Extension;
			sourceTree = "<group>";
		};
		4AD131492B03B4D1007DA3B7 /* GameViewController */ = {
			isa = PBXGroup;
			children = (
				4AD1314A2B03B94E007DA3B7 /* Model */,
				4AD1314B2B03B958007DA3B7 /* View */,
				4AD1314C2B03B965007DA3B7 /* Presenter */,
			);
			path = GameViewController;
			sourceTree = "<group>";
		};
		4AD1314A2B03B94E007DA3B7 /* Model */ = {
			isa = PBXGroup;
			children = (
				4AD1314D2B03D982007DA3B7 /* GameModel.swift */,
			);
			path = Model;
			sourceTree = "<group>";
		};
		4AD1314B2B03B958007DA3B7 /* View */ = {
			isa = PBXGroup;
			children = (
				4AD1314F2B03D99F007DA3B7 /* GameViewController.swift */,
			);
			path = View;
			sourceTree = "<group>";
		};
		4AD1314C2B03B965007DA3B7 /* Presenter */ = {
			isa = PBXGroup;
			children = (
				4AD131512B03D9D7007DA3B7 /* GamePresenter.swift */,
			);
			path = Presenter;
			sourceTree = "<group>";
		};
		4AD131532B051A5F007DA3B7 /* MainBuilder */ = {
			isa = PBXGroup;
			children = (
				4AD1315A2B051DCD007DA3B7 /* MainBuilder.swift */,
			);
			path = MainBuilder;
			sourceTree = "<group>";
		};
		4AD131542B051A76007DA3B7 /* MainPresenter */ = {
			isa = PBXGroup;
			children = (
				4AD131582B051DBE007DA3B7 /* MainPresenter.swift */,
			);
			path = MainPresenter;
			sourceTree = "<group>";
		};
		4AD131552B051A8E007DA3B7 /* MainRouter */ = {
			isa = PBXGroup;
			children = (
				4AD131562B051DAE007DA3B7 /* MainRouter.swift */,
			);
			path = MainRouter;
			sourceTree = "<group>";
		};
		4AD131632B0566E3007DA3B7 /* StatisticOverviewModule */ = {
			isa = PBXGroup;
			children = (
				4AD131642B0566E3007DA3B7 /* Routers */,
				4AD131662B0566E3007DA3B7 /* Presenter */,
				4AD131682B0566E3007DA3B7 /* Builder */,
				4AD1316A2B0566E3007DA3B7 /* Views */,
			);
			path = StatisticOverviewModule;
			sourceTree = "<group>";
		};
		4AD131642B0566E3007DA3B7 /* Routers */ = {
			isa = PBXGroup;
			children = (
				4AD131652B0566E3007DA3B7 /* ResultsRouter.swift */,
			);
			path = Routers;
			sourceTree = "<group>";
		};
		4AD131662B0566E3007DA3B7 /* Presenter */ = {
			isa = PBXGroup;
			children = (
				4AD131672B0566E3007DA3B7 /* ResultsPresenter.swift */,
			);
			path = Presenter;
			sourceTree = "<group>";
		};
		4AD131682B0566E3007DA3B7 /* Builder */ = {
			isa = PBXGroup;
			children = (
				4AD131692B0566E3007DA3B7 /* ResultsBuilder.swift */,
			);
			path = Builder;
			sourceTree = "<group>";
		};
		4AD1316A2B0566E3007DA3B7 /* Views */ = {
			isa = PBXGroup;
			children = (
				4AD1316B2B0566E3007DA3B7 /* Cells */,
				4AD1316D2B0566E3007DA3B7 /* ResultsViewProtocol.swift */,
				4AD1316E2B0566E3007DA3B7 /* ResultsTableViewController.swift */,
			);
			path = Views;
			sourceTree = "<group>";
		};
		4AD1316B2B0566E3007DA3B7 /* Cells */ = {
			isa = PBXGroup;
			children = (
				4AD1316C2B0566E3007DA3B7 /* ResultTableViewCell.swift */,
			);
			path = Cells;
			sourceTree = "<group>";
		};
		A5B797012B010E3100B20742 = {
			isa = PBXGroup;
			children = (
				A5B7970C2B010E3100B20742 /* Rainbow */,
				A5B7970B2B010E3100B20742 /* Products */,
				4AD1313A2B029E11007DA3B7 /* Frameworks */,
			);
			sourceTree = "<group>";
		};
		A5B7970B2B010E3100B20742 /* Products */ = {
			isa = PBXGroup;
			children = (
				A5B7970A2B010E3100B20742 /* Rainbow.app */,
			);
			name = Products;
			sourceTree = "<group>";
		};
		A5B7970C2B010E3100B20742 /* Rainbow */ = {
			isa = PBXGroup;
			children = (
				A5B797452B02402300B20742 /* App */,
				A5B7973D2B02402300B20742 /* Controllers */,
				A5B7973C2B02402300B20742 /* Model */,
				A5B797482B02402300B20742 /* Resources */,
				44A57C492B0253ED00C8E383 /* Extensions */,
				44A57C522B0263F200C8E383 /* Fonts */,
				A5B797392B02402300B20742 /* Services */,
			);
			path = Rainbow;
			sourceTree = "<group>";
		};
		A5B797392B02402300B20742 /* Services */ = {
			isa = PBXGroup;
			children = (
				A5B7973A2B02402300B20742 /* CustomView.swift */,
				A5B7973B2B02402300B20742 /* CustomViewController.swift */,
			);
			path = Services;
			sourceTree = "<group>";
		};
		A5B7973C2B02402300B20742 /* Model */ = {
			isa = PBXGroup;
			children = (
			);
			path = Model;
			sourceTree = "<group>";
		};
		A5B7973D2B02402300B20742 /* Controllers */ = {
			isa = PBXGroup;
			children = (
				15F3BE762B02E23E00E74E7A /* SettingsModule */,
				A5B7973E2B02402300B20742 /* MainViewController */,
				4AD131492B03B4D1007DA3B7 /* GameViewController */,
				4AD131632B0566E3007DA3B7 /* StatisticOverviewModule */,
				44A57C422B0251B700C8E383 /* RulesViewController */,
				A5B797432B02402300B20742 /* LaunchScreen.storyboard */,
			);
			path = Controllers;
			sourceTree = "<group>";
		};
		A5B7973E2B02402300B20742 /* MainViewController */ = {
			isa = PBXGroup;
			children = (
				A5B7973F2B02402300B20742 /* Controller */,
				A5B797412B02402300B20742 /* View */,
				4AD131552B051A8E007DA3B7 /* MainRouter */,
				4AD131542B051A76007DA3B7 /* MainPresenter */,
				4AD131532B051A5F007DA3B7 /* MainBuilder */,
			);
			path = MainViewController;
			sourceTree = "<group>";
		};
		A5B7973F2B02402300B20742 /* Controller */ = {
			isa = PBXGroup;
			children = (
				A5B797402B02402300B20742 /* MainViewController.swift */,
			);
			path = Controller;
			sourceTree = "<group>";
		};
		A5B797412B02402300B20742 /* View */ = {
			isa = PBXGroup;
			children = (
				A5B797422B02402300B20742 /* MainView.swift */,
				4AD1313D2B02A30C007DA3B7 /* Extension */,
			);
			path = View;
			sourceTree = "<group>";
		};
		A5B797452B02402300B20742 /* App */ = {
			isa = PBXGroup;
			children = (
				A5B797462B02402300B20742 /* AppDelegate.swift */,
				A5B797472B02402300B20742 /* SceneDelegate.swift */,
			);
			path = App;
			sourceTree = "<group>";
		};
		A5B797482B02402300B20742 /* Resources */ = {
			isa = PBXGroup;
			children = (
				4AD131472B02B967007DA3B7 /* Assets.xcassets */,
				A5B7974A2B02402300B20742 /* Info.plist */,
			);
			path = Resources;
			sourceTree = "<group>";
		};
/* End PBXGroup section */

/* Begin PBXNativeTarget section */
		A5B797092B010E3100B20742 /* Rainbow */ = {
			isa = PBXNativeTarget;
			buildConfigurationList = A5B7971E2B010E3400B20742 /* Build configuration list for PBXNativeTarget "Rainbow" */;
			buildPhases = (
				A5B797062B010E3100B20742 /* Sources */,
				A5B797072B010E3100B20742 /* Frameworks */,
				A5B797082B010E3100B20742 /* Resources */,
			);
			buildRules = (
			);
			dependencies = (
			);
			name = Rainbow;
			packageProductDependencies = (
				A5B7975A2B0249E300B20742 /* IQKeyboardManagerSwift */,
				4AD1313B2B029E11007DA3B7 /* SnapKit */,
			);
			productName = Rainbow;
			productReference = A5B7970A2B010E3100B20742 /* Rainbow.app */;
			productType = "com.apple.product-type.application";
		};
/* End PBXNativeTarget section */

/* Begin PBXProject section */
		A5B797022B010E3100B20742 /* Project object */ = {
			isa = PBXProject;
			attributes = {
				BuildIndependentTargetsInParallel = 1;
				LastSwiftUpdateCheck = 1500;
				LastUpgradeCheck = 1500;
				TargetAttributes = {
					A5B797092B010E3100B20742 = {
						CreatedOnToolsVersion = 15.0.1;
					};
				};
			};
			buildConfigurationList = A5B797052B010E3100B20742 /* Build configuration list for PBXProject "Rainbow" */;
			compatibilityVersion = "Xcode 14.0";
			developmentRegion = en;
			hasScannedForEncodings = 0;
			knownRegions = (
				en,
				Base,
			);
			mainGroup = A5B797012B010E3100B20742;
			packageReferences = (
				A5B797542B0249C300B20742 /* XCRemoteSwiftPackageReference "SnapKit" */,
				A5B797592B0249E300B20742 /* XCRemoteSwiftPackageReference "IQKeyboardManager" */,
			);
			productRefGroup = A5B7970B2B010E3100B20742 /* Products */;
			projectDirPath = "";
			projectRoot = "";
			targets = (
				A5B797092B010E3100B20742 /* Rainbow */,
			);
		};
/* End PBXProject section */

/* Begin PBXResourcesBuildPhase section */
		A5B797082B010E3100B20742 /* Resources */ = {
			isa = PBXResourcesBuildPhase;
			buildActionMask = 2147483647;
			files = (
				44A57C5D2B02641900C8E383 /* SF-Pro-Text-Semibold.otf in Resources */,
				44A57C602B02641900C8E383 /* SF-Pro-Display-Semibold.otf in Resources */,
				44A57C632B02641900C8E383 /* SF-Pro-Display-Bold.otf in Resources */,
				44A57C642B02641900C8E383 /* SF-Pro-Text-Medium.otf in Resources */,
				A5B7974F2B02402300B20742 /* LaunchScreen.storyboard in Resources */,
				44A57C5F2B02641900C8E383 /* SF-Pro-Display-Medium.otf in Resources */,
				44A57C5E2B02641900C8E383 /* SF-Pro-Display-Regular.otf in Resources */,
				44A57C5C2B02641900C8E383 /* SF-Pro-Display-Black.otf in Resources */,
				44A57C612B02641900C8E383 /* SF-Pro-Text-Regular.otf in Resources */,
				44A57C622B02641900C8E383 /* SF-Compact-Display-Heavy.otf in Resources */,
				4AD131482B02B967007DA3B7 /* Assets.xcassets in Resources */,
				44A57C662B0269B700C8E383 /* CormorantInfant-Italic.otf in Resources */,
			);
			runOnlyForDeploymentPostprocessing = 0;
		};
/* End PBXResourcesBuildPhase section */

/* Begin PBXSourcesBuildPhase section */
		A5B797062B010E3100B20742 /* Sources */ = {
			isa = PBXSourcesBuildPhase;
			buildActionMask = 2147483647;
			files = (
				A5B7974D2B02402300B20742 /* MainViewController.swift in Sources */,
				15AB852E2B053285006B3CCF /* ColorCheckerBrain.swift in Sources */,
				44A57C4B2B0253ED00C8E383 /* Extension + UIColor.swift in Sources */,
				15F3BE7E2B02E70500E74E7A /* SettingsViewController.swift in Sources */,
				4AD131702B0566E4007DA3B7 /* ResultsPresenter.swift in Sources */,
				44A57C4B2B0253ED00C8E383 /* Extension + UIColor.swift in Sources */,
				4AD1313F2B02A3A0007DA3B7 /* Extension + UILabel.swift in Sources */,
				4AD131742B0566E4007DA3B7 /* ResultsTableViewController.swift in Sources */,
				44A57C4D2B02542200C8E383 /* RulesViewController.swift in Sources */,
				4AD131412B02A664007DA3B7 /* Extension + UIStackView.swift in Sources */,
				A5B7974E2B02402300B20742 /* MainView.swift in Sources */,
				4AD1315B2B051DCD007DA3B7 /* MainBuilder.swift in Sources */,
				E1C097B42B065EDE0097C8C1 /* CustomNavigationController.swift in Sources */,
				A5B7974B2B02402300B20742 /* CustomView.swift in Sources */,
				4AD131432B02A7A9007DA3B7 /* Extension + UIButton.swift in Sources */,
				4AD1316F2B0566E4007DA3B7 /* ResultsRouter.swift in Sources */,
				4AD131732B0566E4007DA3B7 /* ResultsViewProtocol.swift in Sources */,
				4AD131572B051DAE007DA3B7 /* MainRouter.swift in Sources */,
				4AD131522B03D9D7007DA3B7 /* GamePresenter.swift in Sources */,
				4AD131502B03D99F007DA3B7 /* GameViewController.swift in Sources */,
				15AB852B2B0530C9006B3CCF /* ColorChecker.swift in Sources */,
				15F3BE842B02F07200E74E7A /* SettingsViewService.swift in Sources */,
				44A57C4F2B0254D900C8E383 /* Extension + UIView.swift in Sources */,
				4AD131772B056781007DA3B7 /* LabelFactory.swift in Sources */,
				A5B797502B02402300B20742 /* AppDelegate.swift in Sources */,
				4AD131722B0566E4007DA3B7 /* ResultTableViewCell.swift in Sources */,
				4AD1314E2B03D982007DA3B7 /* GameModel.swift in Sources */,
				4AD131782B056781007DA3B7 /* ViewFactory.swift in Sources */,
				4AD131462B02B3CF007DA3B7 /* Extension + CustomButton.swift in Sources */,
				A5B7974C2B02402300B20742 /* CustomViewController.swift in Sources */,
				A5B797512B02402300B20742 /* SceneDelegate.swift in Sources */,
				44A57C512B0261AD00C8E383 /* Extension + UIFont.swift in Sources */,
				4AD131592B051DBE007DA3B7 /* MainPresenter.swift in Sources */,
				4AD131712B0566E4007DA3B7 /* ResultsBuilder.swift in Sources */,
				44A57C472B02539000C8E383 /* InputViewCustom.swift in Sources */,
				15AB85292B042499006B3CCF /* SettingsPresenter.swift in Sources */,
			);
			runOnlyForDeploymentPostprocessing = 0;
		};
/* End PBXSourcesBuildPhase section */

/* Begin PBXVariantGroup section */
		A5B797432B02402300B20742 /* LaunchScreen.storyboard */ = {
			isa = PBXVariantGroup;
			children = (
				A5B797442B02402300B20742 /* Base */,
			);
			name = LaunchScreen.storyboard;
			sourceTree = "<group>";
		};
/* End PBXVariantGroup section */

/* Begin XCBuildConfiguration section */
		A5B7971C2B010E3400B20742 /* Debug */ = {
			isa = XCBuildConfiguration;
			buildSettings = {
				ALWAYS_SEARCH_USER_PATHS = NO;
				ASSETCATALOG_COMPILER_GENERATE_SWIFT_ASSET_SYMBOL_EXTENSIONS = YES;
				CLANG_ANALYZER_NONNULL = YES;
				CLANG_ANALYZER_NUMBER_OBJECT_CONVERSION = YES_AGGRESSIVE;
				CLANG_CXX_LANGUAGE_STANDARD = "gnu++20";
				CLANG_ENABLE_MODULES = YES;
				CLANG_ENABLE_OBJC_ARC = YES;
				CLANG_ENABLE_OBJC_WEAK = YES;
				CLANG_WARN_BLOCK_CAPTURE_AUTORELEASING = YES;
				CLANG_WARN_BOOL_CONVERSION = YES;
				CLANG_WARN_COMMA = YES;
				CLANG_WARN_CONSTANT_CONVERSION = YES;
				CLANG_WARN_DEPRECATED_OBJC_IMPLEMENTATIONS = YES;
				CLANG_WARN_DIRECT_OBJC_ISA_USAGE = YES_ERROR;
				CLANG_WARN_DOCUMENTATION_COMMENTS = YES;
				CLANG_WARN_EMPTY_BODY = YES;
				CLANG_WARN_ENUM_CONVERSION = YES;
				CLANG_WARN_INFINITE_RECURSION = YES;
				CLANG_WARN_INT_CONVERSION = YES;
				CLANG_WARN_NON_LITERAL_NULL_CONVERSION = YES;
				CLANG_WARN_OBJC_IMPLICIT_RETAIN_SELF = YES;
				CLANG_WARN_OBJC_LITERAL_CONVERSION = YES;
				CLANG_WARN_OBJC_ROOT_CLASS = YES_ERROR;
				CLANG_WARN_QUOTED_INCLUDE_IN_FRAMEWORK_HEADER = YES;
				CLANG_WARN_RANGE_LOOP_ANALYSIS = YES;
				CLANG_WARN_STRICT_PROTOTYPES = YES;
				CLANG_WARN_SUSPICIOUS_MOVE = YES;
				CLANG_WARN_UNGUARDED_AVAILABILITY = YES_AGGRESSIVE;
				CLANG_WARN_UNREACHABLE_CODE = YES;
				CLANG_WARN__DUPLICATE_METHOD_MATCH = YES;
				COPY_PHASE_STRIP = NO;
				DEBUG_INFORMATION_FORMAT = dwarf;
				ENABLE_STRICT_OBJC_MSGSEND = YES;
				ENABLE_TESTABILITY = YES;
				ENABLE_USER_SCRIPT_SANDBOXING = YES;
				GCC_C_LANGUAGE_STANDARD = gnu17;
				GCC_DYNAMIC_NO_PIC = NO;
				GCC_NO_COMMON_BLOCKS = YES;
				GCC_OPTIMIZATION_LEVEL = 0;
				GCC_PREPROCESSOR_DEFINITIONS = (
					"DEBUG=1",
					"$(inherited)",
				);
				GCC_WARN_64_TO_32_BIT_CONVERSION = YES;
				GCC_WARN_ABOUT_RETURN_TYPE = YES_ERROR;
				GCC_WARN_UNDECLARED_SELECTOR = YES;
				GCC_WARN_UNINITIALIZED_AUTOS = YES_AGGRESSIVE;
				GCC_WARN_UNUSED_FUNCTION = YES;
				GCC_WARN_UNUSED_VARIABLE = YES;
				IPHONEOS_DEPLOYMENT_TARGET = 17.0;
				LOCALIZATION_PREFERS_STRING_CATALOGS = YES;
				MTL_ENABLE_DEBUG_INFO = INCLUDE_SOURCE;
				MTL_FAST_MATH = YES;
				ONLY_ACTIVE_ARCH = YES;
				SDKROOT = iphoneos;
				SWIFT_ACTIVE_COMPILATION_CONDITIONS = "DEBUG $(inherited)";
				SWIFT_OPTIMIZATION_LEVEL = "-Onone";
			};
			name = Debug;
		};
		A5B7971D2B010E3400B20742 /* Release */ = {
			isa = XCBuildConfiguration;
			buildSettings = {
				ALWAYS_SEARCH_USER_PATHS = NO;
				ASSETCATALOG_COMPILER_GENERATE_SWIFT_ASSET_SYMBOL_EXTENSIONS = YES;
				CLANG_ANALYZER_NONNULL = YES;
				CLANG_ANALYZER_NUMBER_OBJECT_CONVERSION = YES_AGGRESSIVE;
				CLANG_CXX_LANGUAGE_STANDARD = "gnu++20";
				CLANG_ENABLE_MODULES = YES;
				CLANG_ENABLE_OBJC_ARC = YES;
				CLANG_ENABLE_OBJC_WEAK = YES;
				CLANG_WARN_BLOCK_CAPTURE_AUTORELEASING = YES;
				CLANG_WARN_BOOL_CONVERSION = YES;
				CLANG_WARN_COMMA = YES;
				CLANG_WARN_CONSTANT_CONVERSION = YES;
				CLANG_WARN_DEPRECATED_OBJC_IMPLEMENTATIONS = YES;
				CLANG_WARN_DIRECT_OBJC_ISA_USAGE = YES_ERROR;
				CLANG_WARN_DOCUMENTATION_COMMENTS = YES;
				CLANG_WARN_EMPTY_BODY = YES;
				CLANG_WARN_ENUM_CONVERSION = YES;
				CLANG_WARN_INFINITE_RECURSION = YES;
				CLANG_WARN_INT_CONVERSION = YES;
				CLANG_WARN_NON_LITERAL_NULL_CONVERSION = YES;
				CLANG_WARN_OBJC_IMPLICIT_RETAIN_SELF = YES;
				CLANG_WARN_OBJC_LITERAL_CONVERSION = YES;
				CLANG_WARN_OBJC_ROOT_CLASS = YES_ERROR;
				CLANG_WARN_QUOTED_INCLUDE_IN_FRAMEWORK_HEADER = YES;
				CLANG_WARN_RANGE_LOOP_ANALYSIS = YES;
				CLANG_WARN_STRICT_PROTOTYPES = YES;
				CLANG_WARN_SUSPICIOUS_MOVE = YES;
				CLANG_WARN_UNGUARDED_AVAILABILITY = YES_AGGRESSIVE;
				CLANG_WARN_UNREACHABLE_CODE = YES;
				CLANG_WARN__DUPLICATE_METHOD_MATCH = YES;
				COPY_PHASE_STRIP = NO;
				DEBUG_INFORMATION_FORMAT = "dwarf-with-dsym";
				ENABLE_NS_ASSERTIONS = NO;
				ENABLE_STRICT_OBJC_MSGSEND = YES;
				ENABLE_USER_SCRIPT_SANDBOXING = YES;
				GCC_C_LANGUAGE_STANDARD = gnu17;
				GCC_NO_COMMON_BLOCKS = YES;
				GCC_WARN_64_TO_32_BIT_CONVERSION = YES;
				GCC_WARN_ABOUT_RETURN_TYPE = YES_ERROR;
				GCC_WARN_UNDECLARED_SELECTOR = YES;
				GCC_WARN_UNINITIALIZED_AUTOS = YES_AGGRESSIVE;
				GCC_WARN_UNUSED_FUNCTION = YES;
				GCC_WARN_UNUSED_VARIABLE = YES;
				IPHONEOS_DEPLOYMENT_TARGET = 17.0;
				LOCALIZATION_PREFERS_STRING_CATALOGS = YES;
				MTL_ENABLE_DEBUG_INFO = NO;
				MTL_FAST_MATH = YES;
				SDKROOT = iphoneos;
				SWIFT_COMPILATION_MODE = wholemodule;
				VALIDATE_PRODUCT = YES;
			};
			name = Release;
		};
		A5B7971F2B010E3400B20742 /* Debug */ = {
			isa = XCBuildConfiguration;
			buildSettings = {
				ASSETCATALOG_COMPILER_APPICON_NAME = AppIcon;
				ASSETCATALOG_COMPILER_GLOBAL_ACCENT_COLOR_NAME = AccentColor;
				CODE_SIGN_STYLE = Automatic;
				CURRENT_PROJECT_VERSION = 1;
				DEVELOPMENT_TEAM = 7PUJF8P767;
				GENERATE_INFOPLIST_FILE = YES;
				INFOPLIST_FILE = Rainbow/Resources/Info.plist;
				INFOPLIST_KEY_UIApplicationSupportsIndirectInputEvents = YES;
				INFOPLIST_KEY_UILaunchStoryboardName = LaunchScreen;
				INFOPLIST_KEY_UISupportedInterfaceOrientations = UIInterfaceOrientationPortrait;
				INFOPLIST_KEY_UISupportedInterfaceOrientations_iPad = UIInterfaceOrientationLandscapeRight;
				IPHONEOS_DEPLOYMENT_TARGET = 15.0;
				LD_RUNPATH_SEARCH_PATHS = (
					"$(inherited)",
					"@executable_path/Frameworks",
				);
				MARKETING_VERSION = 1.0;
				PRODUCT_BUNDLE_IDENTIFIER = "zvontsov-adadigital.ru.Rainbow";
				PRODUCT_NAME = "$(TARGET_NAME)";
				SUPPORTED_PLATFORMS = "iphoneos iphonesimulator";
				SUPPORTS_MACCATALYST = NO;
				SUPPORTS_MAC_DESIGNED_FOR_IPHONE_IPAD = NO;
				SWIFT_EMIT_LOC_STRINGS = YES;
				SWIFT_VERSION = 5.0;
				TARGETED_DEVICE_FAMILY = 1;
			};
			name = Debug;
		};
		A5B797202B010E3400B20742 /* Release */ = {
			isa = XCBuildConfiguration;
			buildSettings = {
				ASSETCATALOG_COMPILER_APPICON_NAME = AppIcon;
				ASSETCATALOG_COMPILER_GLOBAL_ACCENT_COLOR_NAME = AccentColor;
				CODE_SIGN_STYLE = Automatic;
				CURRENT_PROJECT_VERSION = 1;
				DEVELOPMENT_TEAM = 7PUJF8P767;
				GENERATE_INFOPLIST_FILE = YES;
				INFOPLIST_FILE = Rainbow/Resources/Info.plist;
				INFOPLIST_KEY_UIApplicationSupportsIndirectInputEvents = YES;
				INFOPLIST_KEY_UILaunchStoryboardName = LaunchScreen;
				INFOPLIST_KEY_UISupportedInterfaceOrientations = UIInterfaceOrientationPortrait;
				INFOPLIST_KEY_UISupportedInterfaceOrientations_iPad = UIInterfaceOrientationLandscapeRight;
				IPHONEOS_DEPLOYMENT_TARGET = 15.0;
				LD_RUNPATH_SEARCH_PATHS = (
					"$(inherited)",
					"@executable_path/Frameworks",
				);
				MARKETING_VERSION = 1.0;
				PRODUCT_BUNDLE_IDENTIFIER = "zvontsov-adadigital.ru.Rainbow";
				PRODUCT_NAME = "$(TARGET_NAME)";
				SUPPORTED_PLATFORMS = "iphoneos iphonesimulator";
				SUPPORTS_MACCATALYST = NO;
				SUPPORTS_MAC_DESIGNED_FOR_IPHONE_IPAD = NO;
				SWIFT_EMIT_LOC_STRINGS = YES;
				SWIFT_VERSION = 5.0;
				TARGETED_DEVICE_FAMILY = 1;
			};
			name = Release;
		};
/* End XCBuildConfiguration section */

/* Begin XCConfigurationList section */
		A5B797052B010E3100B20742 /* Build configuration list for PBXProject "Rainbow" */ = {
			isa = XCConfigurationList;
			buildConfigurations = (
				A5B7971C2B010E3400B20742 /* Debug */,
				A5B7971D2B010E3400B20742 /* Release */,
			);
			defaultConfigurationIsVisible = 0;
			defaultConfigurationName = Release;
		};
		A5B7971E2B010E3400B20742 /* Build configuration list for PBXNativeTarget "Rainbow" */ = {
			isa = XCConfigurationList;
			buildConfigurations = (
				A5B7971F2B010E3400B20742 /* Debug */,
				A5B797202B010E3400B20742 /* Release */,
			);
			defaultConfigurationIsVisible = 0;
			defaultConfigurationName = Release;
		};
/* End XCConfigurationList section */

/* Begin XCRemoteSwiftPackageReference section */
		A5B797542B0249C300B20742 /* XCRemoteSwiftPackageReference "SnapKit" */ = {
			isa = XCRemoteSwiftPackageReference;
			repositoryURL = "https://github.com/SnapKit/SnapKit.git";
			requirement = {
				kind = upToNextMajorVersion;
				minimumVersion = 5.6.0;
			};
		};
		A5B797592B0249E300B20742 /* XCRemoteSwiftPackageReference "IQKeyboardManager" */ = {
			isa = XCRemoteSwiftPackageReference;
			repositoryURL = "https://github.com/hackiftekhar/IQKeyboardManager.git";
			requirement = {
				kind = upToNextMajorVersion;
				minimumVersion = 6.5.16;
			};
		};
/* End XCRemoteSwiftPackageReference section */

/* Begin XCSwiftPackageProductDependency section */
		4AD1313B2B029E11007DA3B7 /* SnapKit */ = {
			isa = XCSwiftPackageProductDependency;
			package = A5B797542B0249C300B20742 /* XCRemoteSwiftPackageReference "SnapKit" */;
			productName = SnapKit;
		};
		A5B7975A2B0249E300B20742 /* IQKeyboardManagerSwift */ = {
			isa = XCSwiftPackageProductDependency;
			package = A5B797592B0249E300B20742 /* XCRemoteSwiftPackageReference "IQKeyboardManager" */;
			productName = IQKeyboardManagerSwift;
		};
/* End XCSwiftPackageProductDependency section */
	};
	rootObject = A5B797022B010E3100B20742 /* Project object */;
}
